
Microsoft Visual Studio Solution File, Format Version 12.00
# Visual Studio Version 16
VisualStudioVersion = 16.0.30523.141
MinimumVisualStudioVersion = 10.0.40219.1
Project("{9A19103F-16F7-4668-BE54-9A1E7A4F7556}") = "WPF", "WPF.csproj", "{540BC8E5-EFE7-4090-80FE-23D98A1C7ADA}"
EndProject
Project("{9A19103F-16F7-4668-BE54-9A1E7A4F7556}") = "ImageRecognizer", "ImageRecognizer\ImageRecognizer.csproj", "{966B132E-5320-4986-A3AD-A9835838E075}"
EndProject
Project("{9A19103F-16F7-4668-BE54-9A1E7A4F7556}") = "ImageRecognizerVM", "ImageRecognizerVM\ImageRecognizerVM.csproj", "{F1F13615-290C-4A46-AB15-DC6E6BD50829}"
EndProject
Project("{FAE04EC0-301F-11D3-BF4B-00C04F79EFBC}") = "DataBaseSetup", "DataBaseSetup\DataBaseSetup.csproj", "{1F766EB2-AB4B-4FE9-AABF-5BBF0ABD362B}"
EndProject
Global
	GlobalSection(SolutionConfigurationPlatforms) = preSolution
		Debug|Any CPU = Debug|Any CPU
		Release|Any CPU = Release|Any CPU
	EndGlobalSection
	GlobalSection(ProjectConfigurationPlatforms) = postSolution
		{540BC8E5-EFE7-4090-80FE-23D98A1C7ADA}.Debug|Any CPU.ActiveCfg = Debug|Any CPU
		{540BC8E5-EFE7-4090-80FE-23D98A1C7ADA}.Debug|Any CPU.Build.0 = Debug|Any CPU
		{540BC8E5-EFE7-4090-80FE-23D98A1C7ADA}.Release|Any CPU.ActiveCfg = Release|Any CPU
		{540BC8E5-EFE7-4090-80FE-23D98A1C7ADA}.Release|Any CPU.Build.0 = Release|Any CPU
		{966B132E-5320-4986-A3AD-A9835838E075}.Debug|Any CPU.ActiveCfg = Debug|Any CPU
		{966B132E-5320-4986-A3AD-A9835838E075}.Debug|Any CPU.Build.0 = Debug|Any CPU
		{966B132E-5320-4986-A3AD-A9835838E075}.Release|Any CPU.ActiveCfg = Release|Any CPU
		{966B132E-5320-4986-A3AD-A9835838E075}.Release|Any CPU.Build.0 = Release|Any CPU
		{F1F13615-290C-4A46-AB15-DC6E6BD50829}.Debug|Any CPU.ActiveCfg = Debug|Any CPU
		{F1F13615-290C-4A46-AB15-DC6E6BD50829}.Debug|Any CPU.Build.0 = Debug|Any CPU
		{F1F13615-290C-4A46-AB15-DC6E6BD50829}.Release|Any CPU.ActiveCfg = Release|Any CPU
		{F1F13615-290C-4A46-AB15-DC6E6BD50829}.Release|Any CPU.Build.0 = Release|Any CPU
		{1F766EB2-AB4B-4FE9-AABF-5BBF0ABD362B}.Debug|Any CPU.ActiveCfg = Debug|Any CPU
		{1F766EB2-AB4B-4FE9-AABF-5BBF0ABD362B}.Debug|Any CPU.Build.0 = Debug|Any CPU
		{1F766EB2-AB4B-4FE9-AABF-5BBF0ABD362B}.Release|Any CPU.ActiveCfg = Release|Any CPU
		{1F766EB2-AB4B-4FE9-AABF-5BBF0ABD362B}.Release|Any CPU.Build.0 = Release|Any CPU
	EndGlobalSection
	GlobalSection(SolutionProperties) = preSolution
		HideSolutionNode = FALSE
	EndGlobalSection
	GlobalSection(ExtensibilityGlobals) = postSolution
		SolutionGuid = {692753D3-1CDA-4FC7-A48D-6DB1B60E67A2}
	EndGlobalSection
EndGlobal
