
Microsoft Visual Studio Solution File, Format Version 12.00
# Visual Studio Version 16
VisualStudioVersion = 16.0.30523.141
MinimumVisualStudioVersion = 10.0.40219.1
Project("{9A19103F-16F7-4668-BE54-9A1E7A4F7556}") = "wpfTest", "wpfTest.csproj", "{540BC8E5-EFE7-4090-80FE-23D98A1C7ADA}"
EndProject
Project("{9A19103F-16F7-4668-BE54-9A1E7A4F7556}") = "ImageRecognizerVM", "..\..\ImageRecognizerVM\ImagerRecognizerVM\ImageRecognizerVM.csproj", "{BD317B08-EEA5-48D9-990D-2DA181C9837A}"
EndProject
Project("{9A19103F-16F7-4668-BE54-9A1E7A4F7556}") = "ImageRecognizer", "..\..\task1\ImageRecognizer.csproj", "{2BBCDB5A-D00A-4832-A9C2-3236074A1018}"
EndProject
Global
	GlobalSection(SolutionConfigurationPlatforms) = preSolution
		Debug|Any CPU = Debug|Any CPU
		Release|Any CPU = Release|Any CPU
	EndGlobalSection
	GlobalSection(ProjectConfigurationPlatforms) = postSolution
		{540BC8E5-EFE7-4090-80FE-23D98A1C7ADA}.Debug|Any CPU.ActiveCfg = Debug|Any CPU
		{540BC8E5-EFE7-4090-80FE-23D98A1C7ADA}.Debug|Any CPU.Build.0 = Debug|Any CPU
		{540BC8E5-EFE7-4090-80FE-23D98A1C7ADA}.Release|Any CPU.ActiveCfg = Release|Any CPU
		{540BC8E5-EFE7-4090-80FE-23D98A1C7ADA}.Release|Any CPU.Build.0 = Release|Any CPU
		{BD317B08-EEA5-48D9-990D-2DA181C9837A}.Debug|Any CPU.ActiveCfg = Debug|Any CPU
		{BD317B08-EEA5-48D9-990D-2DA181C9837A}.Debug|Any CPU.Build.0 = Debug|Any CPU
		{BD317B08-EEA5-48D9-990D-2DA181C9837A}.Release|Any CPU.ActiveCfg = Release|Any CPU
		{BD317B08-EEA5-48D9-990D-2DA181C9837A}.Release|Any CPU.Build.0 = Release|Any CPU
		{2BBCDB5A-D00A-4832-A9C2-3236074A1018}.Debug|Any CPU.ActiveCfg = Debug|Any CPU
		{2BBCDB5A-D00A-4832-A9C2-3236074A1018}.Debug|Any CPU.Build.0 = Debug|Any CPU
		{2BBCDB5A-D00A-4832-A9C2-3236074A1018}.Release|Any CPU.ActiveCfg = Release|Any CPU
		{2BBCDB5A-D00A-4832-A9C2-3236074A1018}.Release|Any CPU.Build.0 = Release|Any CPU
	EndGlobalSection
	GlobalSection(SolutionProperties) = preSolution
		HideSolutionNode = FALSE
	EndGlobalSection
	GlobalSection(ExtensibilityGlobals) = postSolution
		SolutionGuid = {692753D3-1CDA-4FC7-A48D-6DB1B60E67A2}
	EndGlobalSection
EndGlobal
