
Microsoft Visual Studio Solution File, Format Version 12.00
# Visual Studio Version 16
VisualStudioVersion = 16.0.30717.126
MinimumVisualStudioVersion = 10.0.40219.1
Project("{FAE04EC0-301F-11D3-BF4B-00C04F79EFBC}") = "Contracts", "Contracts.csproj", "{C07B49B1-1BD1-47A1-ACEF-7C5ABAD4301B}"
EndProject
Global
	GlobalSection(SolutionConfigurationPlatforms) = preSolution
		Debug|Any CPU = Debug|Any CPU
		Release|Any CPU = Release|Any CPU
	EndGlobalSection
	GlobalSection(ProjectConfigurationPlatforms) = postSolution
		{C07B49B1-1BD1-47A1-ACEF-7C5ABAD4301B}.Debug|Any CPU.ActiveCfg = Debug|Any CPU
		{C07B49B1-1BD1-47A1-ACEF-7C5ABAD4301B}.Debug|Any CPU.Build.0 = Debug|Any CPU
		{C07B49B1-1BD1-47A1-ACEF-7C5ABAD4301B}.Release|Any CPU.ActiveCfg = Release|Any CPU
		{C07B49B1-1BD1-47A1-ACEF-7C5ABAD4301B}.Release|Any CPU.Build.0 = Release|Any CPU
	EndGlobalSection
	GlobalSection(SolutionProperties) = preSolution
		HideSolutionNode = FALSE
	EndGlobalSection
	GlobalSection(ExtensibilityGlobals) = postSolution
		SolutionGuid = {B4218783-AF4B-4364-A36E-F8EA589939CD}
	EndGlobalSection
EndGlobal
